
Microsoft Visual Studio Solution File, Format Version 12.00
# Visual Studio 2012
Project("{FAE04EC0-301F-11D3-BF4B-00C04F79EFBC}") = "EFCodeService", "EFCodeService\EFCodeService.csproj", "{D63269AE-7AC3-4128-A9A1-633AE900B569}"
EndProject
Project("{FAE04EC0-301F-11D3-BF4B-00C04F79EFBC}") = "EFCodeService.Tests", "EFCodeService.Tests\EFCodeService.Tests.csproj", "{3EB7F566-A3C3-4B8A-B1FE-732A20705D11}"
EndProject
Global
	GlobalSection(SolutionConfigurationPlatforms) = preSolution
		Debug|Any CPU = Debug|Any CPU
		Release|Any CPU = Release|Any CPU
	EndGlobalSection
	GlobalSection(ProjectConfigurationPlatforms) = postSolution
		{D63269AE-7AC3-4128-A9A1-633AE900B569}.Debug|Any CPU.ActiveCfg = Debug|Any CPU
		{D63269AE-7AC3-4128-A9A1-633AE900B569}.Debug|Any CPU.Build.0 = Debug|Any CPU
		{D63269AE-7AC3-4128-A9A1-633AE900B569}.Release|Any CPU.ActiveCfg = Release|Any CPU
		{D63269AE-7AC3-4128-A9A1-633AE900B569}.Release|Any CPU.Build.0 = Release|Any CPU
		{3EB7F566-A3C3-4B8A-B1FE-732A20705D11}.Debug|Any CPU.ActiveCfg = Debug|Any CPU
		{3EB7F566-A3C3-4B8A-B1FE-732A20705D11}.Debug|Any CPU.Build.0 = Debug|Any CPU
		{3EB7F566-A3C3-4B8A-B1FE-732A20705D11}.Release|Any CPU.ActiveCfg = Release|Any CPU
		{3EB7F566-A3C3-4B8A-B1FE-732A20705D11}.Release|Any CPU.Build.0 = Release|Any CPU
	EndGlobalSection
	GlobalSection(SolutionProperties) = preSolution
		HideSolutionNode = FALSE
	EndGlobalSection
EndGlobal
